
Microsoft Visual Studio Solution File, Format Version 12.00
# Visual Studio 15
VisualStudioVersion = 15.0.26730.10
MinimumVisualStudioVersion = 10.0.40219.1
Project("{FAE04EC0-301F-11D3-BF4B-00C04F79EFBC}") = "Taller 4.3.3", "Taller 4.3.3\Taller 4.3.3.csproj", "{5EFDCECC-3F79-4C7B-8E07-2C43569314AE}"
EndProject
Global
	GlobalSection(SolutionConfigurationPlatforms) = preSolution
		Debug|Any CPU = Debug|Any CPU
		Release|Any CPU = Release|Any CPU
	EndGlobalSection
	GlobalSection(ProjectConfigurationPlatforms) = postSolution
		{5EFDCECC-3F79-4C7B-8E07-2C43569314AE}.Debug|Any CPU.ActiveCfg = Debug|Any CPU
		{5EFDCECC-3F79-4C7B-8E07-2C43569314AE}.Debug|Any CPU.Build.0 = Debug|Any CPU
		{5EFDCECC-3F79-4C7B-8E07-2C43569314AE}.Release|Any CPU.ActiveCfg = Release|Any CPU
		{5EFDCECC-3F79-4C7B-8E07-2C43569314AE}.Release|Any CPU.Build.0 = Release|Any CPU
	EndGlobalSection
	GlobalSection(SolutionProperties) = preSolution
		HideSolutionNode = FALSE
	EndGlobalSection
	GlobalSection(ExtensibilityGlobals) = postSolution
		SolutionGuid = {DE11F821-2471-44DD-A4A7-6E1E1F9C8670}
	EndGlobalSection
EndGlobal
